name: Update package-lock.json

on:
  workflow_dispatch:   # Ļauj jebkurā brīdī palaist manuāli ar pogu
  schedule:
    - cron: '0 0 * * 1'  # Automātiski palaidīsies katru pirmdienas rītu (00:00 UTC)

permissions:
  contents: write

jobs:
  update-lock:
    runs-on: ubuntu-latest
    steps:
      # Izmantojam jaunāko checkout versiju
      - uses: actions/checkout@v5
      
      # Nodrošinām Node.js vidi
      - uses: actions/setup-node@v5
        with:
          node-version: '22'
          
      # 🚀 LABOJUMS 1: Izpildām npm update, kas ignorē veco lock failu un reāli atvelk jaunākās versijas
      - name: Update dependencies and rewrite package-lock
        run: npm update

      # Šī rindiņa piespiež nodzēst papildus ievainojamības, ja tādas palikušas
      - name: Run npm audit fix
        run: npm audit fix --force || echo "Salabots viss, ko varēja"
      
      # 🚀 LABOJUMS 2: Sakārtots Commit & Push ar [skip ci] un zaru noteikšanu
      - name: Commit & Push updated package-lock.json
        run: |
          # Pārbaudām, vai fails vispār ir mainījies, lai netaisītu tukšus commitus
          if git diff --exit-code package-lock.json; then
            echo "Nav jaunu versiju, package-lock.json nav mainījies."
          else
            echo "Atrasti atjauninājumi! Veicam saglabāšanu..."
            git config user.name "github-actions[bot]"
            git config user.email "41898282+github-actions[bot]@users.noreply.github.com"
            git add package-lock.json
            
            # Pievienojam [skip ci], lai Action neieietu bezgalīgā cilpā
            git commit -m "chore: auto-update package-lock.json [skip ci]"
            
            # Drošs push uz pašreizējo aktīvo zaru
            git push origin HEAD:${{ github.ref_name }}
          fi
